
Microsoft Visual Studio Solution File, Format Version 12.00
# Visual Studio Version 16
VisualStudioVersion = 16.0.32510.428
MinimumVisualStudioVersion = 10.0.40219.1
Project("{FAE04EC0-301F-11D3-BF4B-00C04F79EFBC}") = "WebApplication2", "WebApplication2.csproj", "{4BAE0E14-80DF-4759-BDFC-141CD712B4EB}"
EndProject
Global
	GlobalSection(SolutionConfigurationPlatforms) = preSolution
		Debug|Any CPU = Debug|Any CPU
		Release|Any CPU = Release|Any CPU
	EndGlobalSection
	GlobalSection(ProjectConfigurationPlatforms) = postSolution
		{4BAE0E14-80DF-4759-BDFC-141CD712B4EB}.Debug|Any CPU.ActiveCfg = Debug|Any CPU
		{4BAE0E14-80DF-4759-BDFC-141CD712B4EB}.Debug|Any CPU.Build.0 = Debug|Any CPU
		{4BAE0E14-80DF-4759-BDFC-141CD712B4EB}.Release|Any CPU.ActiveCfg = Release|Any CPU
		{4BAE0E14-80DF-4759-BDFC-141CD712B4EB}.Release|Any CPU.Build.0 = Release|Any CPU
	EndGlobalSection
	GlobalSection(SolutionProperties) = preSolution
		HideSolutionNode = FALSE
	EndGlobalSection
	GlobalSection(ExtensibilityGlobals) = postSolution
		SolutionGuid = {CEC783FE-9CCA-46E9-97C6-F676926FFB1E}
	EndGlobalSection
EndGlobal
